
Microsoft Visual Studio Solution File, Format Version 12.00
# Visual Studio Version 17
VisualStudioVersion = 17.0.31903.59
MinimumVisualStudioVersion = 10.0.40219.1
Project("{2150E333-8FDC-42A3-9474-1A3956D46DE8}") = "src", "src", "{827E0CD3-B72D-47B6-A68D-7590B98EB39B}"
EndProject
Project("{FAE04EC0-301F-11D3-BF4B-00C04F79EFBC}") = "WAMS.Domain", "src\WAMS.Domain\WAMS.Domain.csproj", "{DCC51B0D-ECFD-471A-821C-27E0040F7AB2}"
EndProject
Project("{FAE04EC0-301F-11D3-BF4B-00C04F79EFBC}") = "WAMS.Application", "src\WAMS.Application\WAMS.Application.csproj", "{E7959AB6-E65A-41B5-BF4B-47ABDF8BB065}"
EndProject
Project("{FAE04EC0-301F-11D3-BF4B-00C04F79EFBC}") = "WAMS.Infrastructure", "src\WAMS.Infrastructure\WAMS.Infrastructure.csproj", "{ADE930B8-F0A0-42C7-B91B-F2FF7B433868}"
EndProject
Project("{FAE04EC0-301F-11D3-BF4B-00C04F79EFBC}") = "WAMS.Api", "src\WAMS.Api\WAMS.Api.csproj", "{CB49E186-C9DF-443C-8CEE-AC7B2D9A58F3}"
EndProject
Project("{2150E333-8FDC-42A3-9474-1A3956D46DE8}") = "tests", "tests", "{A1B2C3D4-E5F6-7890-ABCD-EF1234567890}"
EndProject
Project("{FAE04EC0-301F-11D3-BF4B-00C04F79EFBC}") = "WAMS.Application.Tests", "tests\WAMS.Application.Tests\WAMS.Application.Tests.csproj", "{F1A2B3C4-D5E6-7890-ABCD-123456789ABC}"
EndProject
Project("{FAE04EC0-301F-11D3-BF4B-00C04F79EFBC}") = "WAMS.Api.Tests", "tests\WAMS.Api.Tests\WAMS.Api.Tests.csproj", "{B2C3D4E5-F6A7-8901-BCDE-F1234567890A}"
EndProject
Project("{FAE04EC0-301F-11D3-BF4B-00C04F79EFBC}") = "WAMS.Infrastructure.Tests", "tests\WAMS.Infrastructure.Tests\WAMS.Infrastructure.Tests.csproj", "{9B76A6E3-22CA-4533-8FD1-5B4EF1E7D003}"
EndProject
Project("{2150E333-8FDC-42A3-9474-1A3956D46DE8}") = "tools", "tools", "{07C2787E-EAC7-C090-1BA3-A61EC2A24D84}"
EndProject
Project("{FAE04EC0-301F-11D3-BF4B-00C04F79EFBC}") = "WAMS.E2eReset", "tools\WAMS.E2eReset\WAMS.E2eReset.csproj", "{59052537-9393-469A-9C0D-4B765BE0B80F}"
EndProject
Global
	GlobalSection(SolutionConfigurationPlatforms) = preSolution
		Debug|Any CPU = Debug|Any CPU
		Debug|x64 = Debug|x64
		Debug|x86 = Debug|x86
		Release|Any CPU = Release|Any CPU
		Release|x64 = Release|x64
		Release|x86 = Release|x86
	EndGlobalSection
	GlobalSection(ProjectConfigurationPlatforms) = postSolution
		{DCC51B0D-ECFD-471A-821C-27E0040F7AB2}.Debug|Any CPU.ActiveCfg = Debug|Any CPU
		{DCC51B0D-ECFD-471A-821C-27E0040F7AB2}.Debug|Any CPU.Build.0 = Debug|Any CPU
		{DCC51B0D-ECFD-471A-821C-27E0040F7AB2}.Debug|x64.ActiveCfg = Debug|Any CPU
		{DCC51B0D-ECFD-471A-821C-27E0040F7AB2}.Debug|x64.Build.0 = Debug|Any CPU
		{DCC51B0D-ECFD-471A-821C-27E0040F7AB2}.Debug|x86.ActiveCfg = Debug|Any CPU
		{DCC51B0D-ECFD-471A-821C-27E0040F7AB2}.Debug|x86.Build.0 = Debug|Any CPU
		{DCC51B0D-ECFD-471A-821C-27E0040F7AB2}.Release|Any CPU.ActiveCfg = Release|Any CPU
		{DCC51B0D-ECFD-471A-821C-27E0040F7AB2}.Release|Any CPU.Build.0 = Release|Any CPU
		{DCC51B0D-ECFD-471A-821C-27E0040F7AB2}.Release|x64.ActiveCfg = Release|Any CPU
		{DCC51B0D-ECFD-471A-821C-27E0040F7AB2}.Release|x64.Build.0 = Release|Any CPU
		{DCC51B0D-ECFD-471A-821C-27E0040F7AB2}.Release|x86.ActiveCfg = Release|Any CPU
		{DCC51B0D-ECFD-471A-821C-27E0040F7AB2}.Release|x86.Build.0 = Release|Any CPU
		{E7959AB6-E65A-41B5-BF4B-47ABDF8BB065}.Debug|Any CPU.ActiveCfg = Debug|Any CPU
		{E7959AB6-E65A-41B5-BF4B-47ABDF8BB065}.Debug|Any CPU.Build.0 = Debug|Any CPU
		{E7959AB6-E65A-41B5-BF4B-47ABDF8BB065}.Debug|x64.ActiveCfg = Debug|Any CPU
		{E7959AB6-E65A-41B5-BF4B-47ABDF8BB065}.Debug|x64.Build.0 = Debug|Any CPU
		{E7959AB6-E65A-41B5-BF4B-47ABDF8BB065}.Debug|x86.ActiveCfg = Debug|Any CPU
		{E7959AB6-E65A-41B5-BF4B-47ABDF8BB065}.Debug|x86.Build.0 = Debug|Any CPU
		{E7959AB6-E65A-41B5-BF4B-47ABDF8BB065}.Release|Any CPU.ActiveCfg = Release|Any CPU
		{E7959AB6-E65A-41B5-BF4B-47ABDF8BB065}.Release|Any CPU.Build.0 = Release|Any CPU
		{E7959AB6-E65A-41B5-BF4B-47ABDF8BB065}.Release|x64.ActiveCfg = Release|Any CPU
		{E7959AB6-E65A-41B5-BF4B-47ABDF8BB065}.Release|x64.Build.0 = Release|Any CPU
		{E7959AB6-E65A-41B5-BF4B-47ABDF8BB065}.Release|x86.ActiveCfg = Release|Any CPU
		{E7959AB6-E65A-41B5-BF4B-47ABDF8BB065}.Release|x86.Build.0 = Release|Any CPU
		{ADE930B8-F0A0-42C7-B91B-F2FF7B433868}.Debug|Any CPU.ActiveCfg = Debug|Any CPU
		{ADE930B8-F0A0-42C7-B91B-F2FF7B433868}.Debug|Any CPU.Build.0 = Debug|Any CPU
		{ADE930B8-F0A0-42C7-B91B-F2FF7B433868}.Debug|x64.ActiveCfg = Debug|Any CPU
		{ADE930B8-F0A0-42C7-B91B-F2FF7B433868}.Debug|x64.Build.0 = Debug|Any CPU
		{ADE930B8-F0A0-42C7-B91B-F2FF7B433868}.Debug|x86.ActiveCfg = Debug|Any CPU
		{ADE930B8-F0A0-42C7-B91B-F2FF7B433868}.Debug|x86.Build.0 = Debug|Any CPU
		{ADE930B8-F0A0-42C7-B91B-F2FF7B433868}.Release|Any CPU.ActiveCfg = Release|Any CPU
		{ADE930B8-F0A0-42C7-B91B-F2FF7B433868}.Release|Any CPU.Build.0 = Release|Any CPU
		{ADE930B8-F0A0-42C7-B91B-F2FF7B433868}.Release|x64.ActiveCfg = Release|Any CPU
		{ADE930B8-F0A0-42C7-B91B-F2FF7B433868}.Release|x64.Build.0 = Release|Any CPU
		{ADE930B8-F0A0-42C7-B91B-F2FF7B433868}.Release|x86.ActiveCfg = Release|Any CPU
		{ADE930B8-F0A0-42C7-B91B-F2FF7B433868}.Release|x86.Build.0 = Release|Any CPU
		{CB49E186-C9DF-443C-8CEE-AC7B2D9A58F3}.Debug|Any CPU.ActiveCfg = Debug|Any CPU
		{CB49E186-C9DF-443C-8CEE-AC7B2D9A58F3}.Debug|Any CPU.Build.0 = Debug|Any CPU
		{CB49E186-C9DF-443C-8CEE-AC7B2D9A58F3}.Debug|x64.ActiveCfg = Debug|Any CPU
		{CB49E186-C9DF-443C-8CEE-AC7B2D9A58F3}.Debug|x64.Build.0 = Debug|Any CPU
		{CB49E186-C9DF-443C-8CEE-AC7B2D9A58F3}.Debug|x86.ActiveCfg = Debug|Any CPU
		{CB49E186-C9DF-443C-8CEE-AC7B2D9A58F3}.Debug|x86.Build.0 = Debug|Any CPU
		{CB49E186-C9DF-443C-8CEE-AC7B2D9A58F3}.Release|Any CPU.ActiveCfg = Release|Any CPU
		{CB49E186-C9DF-443C-8CEE-AC7B2D9A58F3}.Release|Any CPU.Build.0 = Release|Any CPU
		{CB49E186-C9DF-443C-8CEE-AC7B2D9A58F3}.Release|x64.ActiveCfg = Release|Any CPU
		{CB49E186-C9DF-443C-8CEE-AC7B2D9A58F3}.Release|x64.Build.0 = Release|Any CPU
		{CB49E186-C9DF-443C-8CEE-AC7B2D9A58F3}.Release|x86.ActiveCfg = Release|Any CPU
		{CB49E186-C9DF-443C-8CEE-AC7B2D9A58F3}.Release|x86.Build.0 = Release|Any CPU
		{F1A2B3C4-D5E6-7890-ABCD-123456789ABC}.Debug|Any CPU.ActiveCfg = Debug|Any CPU
		{F1A2B3C4-D5E6-7890-ABCD-123456789ABC}.Debug|Any CPU.Build.0 = Debug|Any CPU
		{F1A2B3C4-D5E6-7890-ABCD-123456789ABC}.Debug|x64.ActiveCfg = Debug|Any CPU
		{F1A2B3C4-D5E6-7890-ABCD-123456789ABC}.Debug|x64.Build.0 = Debug|Any CPU
		{F1A2B3C4-D5E6-7890-ABCD-123456789ABC}.Debug|x86.ActiveCfg = Debug|Any CPU
		{F1A2B3C4-D5E6-7890-ABCD-123456789ABC}.Debug|x86.Build.0 = Debug|Any CPU
		{F1A2B3C4-D5E6-7890-ABCD-123456789ABC}.Release|Any CPU.ActiveCfg = Release|Any CPU
		{F1A2B3C4-D5E6-7890-ABCD-123456789ABC}.Release|Any CPU.Build.0 = Release|Any CPU
		{F1A2B3C4-D5E6-7890-ABCD-123456789ABC}.Release|x64.ActiveCfg = Release|Any CPU
		{F1A2B3C4-D5E6-7890-ABCD-123456789ABC}.Release|x64.Build.0 = Release|Any CPU
		{F1A2B3C4-D5E6-7890-ABCD-123456789ABC}.Release|x86.ActiveCfg = Release|Any CPU
		{F1A2B3C4-D5E6-7890-ABCD-123456789ABC}.Release|x86.Build.0 = Release|Any CPU
		{B2C3D4E5-F6A7-8901-BCDE-F1234567890A}.Debug|Any CPU.ActiveCfg = Debug|Any CPU
		{B2C3D4E5-F6A7-8901-BCDE-F1234567890A}.Debug|Any CPU.Build.0 = Debug|Any CPU
		{B2C3D4E5-F6A7-8901-BCDE-F1234567890A}.Debug|x64.ActiveCfg = Debug|Any CPU
		{B2C3D4E5-F6A7-8901-BCDE-F1234567890A}.Debug|x64.Build.0 = Debug|Any CPU
		{B2C3D4E5-F6A7-8901-BCDE-F1234567890A}.Debug|x86.ActiveCfg = Debug|Any CPU
		{B2C3D4E5-F6A7-8901-BCDE-F1234567890A}.Debug|x86.Build.0 = Debug|Any CPU
		{B2C3D4E5-F6A7-8901-BCDE-F1234567890A}.Release|Any CPU.ActiveCfg = Release|Any CPU
		{B2C3D4E5-F6A7-8901-BCDE-F1234567890A}.Release|Any CPU.Build.0 = Release|Any CPU
		{B2C3D4E5-F6A7-8901-BCDE-F1234567890A}.Release|x64.ActiveCfg = Release|Any CPU
		{B2C3D4E5-F6A7-8901-BCDE-F1234567890A}.Release|x64.Build.0 = Release|Any CPU
		{B2C3D4E5-F6A7-8901-BCDE-F1234567890A}.Release|x86.ActiveCfg = Release|Any CPU
		{B2C3D4E5-F6A7-8901-BCDE-F1234567890A}.Release|x86.Build.0 = Release|Any CPU
		{9B76A6E3-22CA-4533-8FD1-5B4EF1E7D003}.Debug|Any CPU.ActiveCfg = Debug|Any CPU
		{9B76A6E3-22CA-4533-8FD1-5B4EF1E7D003}.Debug|Any CPU.Build.0 = Debug|Any CPU
		{9B76A6E3-22CA-4533-8FD1-5B4EF1E7D003}.Debug|x64.ActiveCfg = Debug|Any CPU
		{9B76A6E3-22CA-4533-8FD1-5B4EF1E7D003}.Debug|x64.Build.0 = Debug|Any CPU
		{9B76A6E3-22CA-4533-8FD1-5B4EF1E7D003}.Debug|x86.ActiveCfg = Debug|Any CPU
		{9B76A6E3-22CA-4533-8FD1-5B4EF1E7D003}.Debug|x86.Build.0 = Debug|Any CPU
		{9B76A6E3-22CA-4533-8FD1-5B4EF1E7D003}.Release|Any CPU.ActiveCfg = Release|Any CPU
		{9B76A6E3-22CA-4533-8FD1-5B4EF1E7D003}.Release|Any CPU.Build.0 = Release|Any CPU
		{9B76A6E3-22CA-4533-8FD1-5B4EF1E7D003}.Release|x64.ActiveCfg = Release|Any CPU
		{9B76A6E3-22CA-4533-8FD1-5B4EF1E7D003}.Release|x64.Build.0 = Release|Any CPU
		{9B76A6E3-22CA-4533-8FD1-5B4EF1E7D003}.Release|x86.ActiveCfg = Release|Any CPU
		{9B76A6E3-22CA-4533-8FD1-5B4EF1E7D003}.Release|x86.Build.0 = Release|Any CPU
		{59052537-9393-469A-9C0D-4B765BE0B80F}.Debug|Any CPU.ActiveCfg = Debug|Any CPU
		{59052537-9393-469A-9C0D-4B765BE0B80F}.Debug|Any CPU.Build.0 = Debug|Any CPU
		{59052537-9393-469A-9C0D-4B765BE0B80F}.Debug|x64.ActiveCfg = Debug|Any CPU
		{59052537-9393-469A-9C0D-4B765BE0B80F}.Debug|x64.Build.0 = Debug|Any CPU
		{59052537-9393-469A-9C0D-4B765BE0B80F}.Debug|x86.ActiveCfg = Debug|Any CPU
		{59052537-9393-469A-9C0D-4B765BE0B80F}.Debug|x86.Build.0 = Debug|Any CPU
		{59052537-9393-469A-9C0D-4B765BE0B80F}.Release|Any CPU.ActiveCfg = Release|Any CPU
		{59052537-9393-469A-9C0D-4B765BE0B80F}.Release|Any CPU.Build.0 = Release|Any CPU
		{59052537-9393-469A-9C0D-4B765BE0B80F}.Release|x64.ActiveCfg = Release|Any CPU
		{59052537-9393-469A-9C0D-4B765BE0B80F}.Release|x64.Build.0 = Release|Any CPU
		{59052537-9393-469A-9C0D-4B765BE0B80F}.Release|x86.ActiveCfg = Release|Any CPU
		{59052537-9393-469A-9C0D-4B765BE0B80F}.Release|x86.Build.0 = Release|Any CPU
	EndGlobalSection
	GlobalSection(SolutionProperties) = preSolution
		HideSolutionNode = FALSE
	EndGlobalSection
	GlobalSection(NestedProjects) = preSolution
		{DCC51B0D-ECFD-471A-821C-27E0040F7AB2} = {827E0CD3-B72D-47B6-A68D-7590B98EB39B}
		{E7959AB6-E65A-41B5-BF4B-47ABDF8BB065} = {827E0CD3-B72D-47B6-A68D-7590B98EB39B}
		{ADE930B8-F0A0-42C7-B91B-F2FF7B433868} = {827E0CD3-B72D-47B6-A68D-7590B98EB39B}
		{CB49E186-C9DF-443C-8CEE-AC7B2D9A58F3} = {827E0CD3-B72D-47B6-A68D-7590B98EB39B}
		{F1A2B3C4-D5E6-7890-ABCD-123456789ABC} = {A1B2C3D4-E5F6-7890-ABCD-EF1234567890}
		{B2C3D4E5-F6A7-8901-BCDE-F1234567890A} = {A1B2C3D4-E5F6-7890-ABCD-EF1234567890}
		{9B76A6E3-22CA-4533-8FD1-5B4EF1E7D003} = {A1B2C3D4-E5F6-7890-ABCD-EF1234567890}
		{59052537-9393-469A-9C0D-4B765BE0B80F} = {07C2787E-EAC7-C090-1BA3-A61EC2A24D84}
	EndGlobalSection
EndGlobal
